
Microsoft Visual Studio Solution File, Format Version 12.00
# Visual Studio Version 16
VisualStudioVersion = 16.0.31727.386
MinimumVisualStudioVersion = 10.0.40219.1
Project("{FAE04EC0-301F-11D3-BF4B-00C04F79EFBC}") = "CallingMethods", "CallingMethods.csproj", "{031392D8-CDEA-44E0-9ECC-5AB909E73D86}"
EndProject
Global
	GlobalSection(SolutionConfigurationPlatforms) = preSolution
		Debug|Any CPU = Debug|Any CPU
		Release|Any CPU = Release|Any CPU
	EndGlobalSection
	GlobalSection(ProjectConfigurationPlatforms) = postSolution
		{031392D8-CDEA-44E0-9ECC-5AB909E73D86}.Debug|Any CPU.ActiveCfg = Debug|Any CPU
		{031392D8-CDEA-44E0-9ECC-5AB909E73D86}.Debug|Any CPU.Build.0 = Debug|Any CPU
		{031392D8-CDEA-44E0-9ECC-5AB909E73D86}.Release|Any CPU.ActiveCfg = Release|Any CPU
		{031392D8-CDEA-44E0-9ECC-5AB909E73D86}.Release|Any CPU.Build.0 = Release|Any CPU
	EndGlobalSection
	GlobalSection(SolutionProperties) = preSolution
		HideSolutionNode = FALSE
	EndGlobalSection
	GlobalSection(ExtensibilityGlobals) = postSolution
		SolutionGuid = {FE0EAEFA-6154-4A7E-8A9C-1DA61EC9024B}
	EndGlobalSection
EndGlobal
